
Microsoft Visual Studio Solution File, Format Version 12.00
# Visual Studio Version 16
VisualStudioVersion = 16.0.32901.82
MinimumVisualStudioVersion = 10.0.40219.1
Project("{FAE04EC0-301F-11D3-BF4B-00C04F79EFBC}") = "ArminTradeJob", "ArminTradeJob.csproj", "{870B5670-8AC5-43B8-97D3-A98E0592B390}"
EndProject
Global
	GlobalSection(SolutionConfigurationPlatforms) = preSolution
		Debug|Any CPU = Debug|Any CPU
		Release|Any CPU = Release|Any CPU
	EndGlobalSection
	GlobalSection(ProjectConfigurationPlatforms) = postSolution
		{870B5670-8AC5-43B8-97D3-A98E0592B390}.Debug|Any CPU.ActiveCfg = Debug|Any CPU
		{870B5670-8AC5-43B8-97D3-A98E0592B390}.Debug|Any CPU.Build.0 = Debug|Any CPU
		{870B5670-8AC5-43B8-97D3-A98E0592B390}.Release|Any CPU.ActiveCfg = Release|Any CPU
		{870B5670-8AC5-43B8-97D3-A98E0592B390}.Release|Any CPU.Build.0 = Release|Any CPU
	EndGlobalSection
	GlobalSection(SolutionProperties) = preSolution
		HideSolutionNode = FALSE
	EndGlobalSection
	GlobalSection(ExtensibilityGlobals) = postSolution
		SolutionGuid = {460B56A7-3E3B-4E0E-97E9-2D8F5C38E1BF}
	EndGlobalSection
EndGlobal
